
Microsoft Visual Studio Solution File, Format Version 12.00
# Visual Studio Version 16
VisualStudioVersion = 16.0.30225.117
MinimumVisualStudioVersion = 10.0.40219.1
Project("{2150E333-8FDC-42A3-9474-1A3956D46DE8}") = "1.0 - Presentation", "1.0 - Presentation", "{160A9731-8AA5-41F3-A753-C2B032DFF352}"
EndProject
Project("{2150E333-8FDC-42A3-9474-1A3956D46DE8}") = "2.0 - Application", "2.0 - Application", "{D45562DD-4CC4-42DF-B001-07A9B2EF7CED}"
EndProject
Project("{2150E333-8FDC-42A3-9474-1A3956D46DE8}") = "3.0 - Domain", "3.0 - Domain", "{D5C5F7D3-3D8E-471F-8100-8DCF9B39D45A}"
EndProject
Project("{2150E333-8FDC-42A3-9474-1A3956D46DE8}") = "4.0 - Infrastructure", "4.0 - Infrastructure", "{522365ED-91EA-45DD-89E5-00CC2629DDE0}"
EndProject
Project("{9A19103F-16F7-4668-BE54-9A1E7A4F7556}") = "DDDWebAPI.Domain", "DDDWebAPI.Domain\DDDWebAPI.Domain.csproj", "{85A83BCD-C048-4A95-9A5E-7F0392237607}"
EndProject
Project("{9A19103F-16F7-4668-BE54-9A1E7A4F7556}") = "DDDWebAPI.Domain.Core", "DDDWebAPI.Domain.Core\DDDWebAPI.Domain.Core.csproj", "{E4F3AD40-E70E-4380-8BE8-15D6D9BB68E2}"
EndProject
Project("{9A19103F-16F7-4668-BE54-9A1E7A4F7556}") = "DDDWebAPI.Domain.Services", "DDDWebAPI.Domain.Services\DDDWebAPI.Domain.Services.csproj", "{FC08E37B-2EF3-45B0-B2F3-25DC191C427E}"
EndProject
Project("{9A19103F-16F7-4668-BE54-9A1E7A4F7556}") = "DDDWebAPI.Application", "DDDWebAPI.Application\DDDWebAPI.Application.csproj", "{C33E83F7-31D6-480A-AC73-5FA7E24086D1}"
EndProject
Project("{9A19103F-16F7-4668-BE54-9A1E7A4F7556}") = "DDDWebAPI.Application.DTO", "DDDWebAPI.Application.DTO\DDDWebAPI.Application.DTO.csproj", "{84FD46A2-43ED-485F-ABE9-4E754BB47124}"
EndProject
Project("{2150E333-8FDC-42A3-9474-1A3956D46DE8}") = "4.1 - Data", "4.1 - Data", "{DD4B1FA9-35D3-4FEB-8AE9-91CD480E1754}"
EndProject
Project("{9A19103F-16F7-4668-BE54-9A1E7A4F7556}") = "DDDWebAPI.Infrastructure.Data", "DDDWebAPI.Infrastructure.Data\DDDWebAPI.Infrastructure.Data.csproj", "{C69A9D29-1EBC-4F80-993E-46E57D8CD0A2}"
EndProject
Project("{9A19103F-16F7-4668-BE54-9A1E7A4F7556}") = "DDDWebAPI.Infrastructure.Repository", "DDDWebAPI.Infrastruture.Repository\DDDWebAPI.Infrastructure.Repository.csproj", "{212DDB17-BE8E-4AB2-AB28-48D7D7196D01}"
EndProject
Project("{2150E333-8FDC-42A3-9474-1A3956D46DE8}") = "4.2 - CrossCutting", "4.2 - CrossCutting", "{8DCF3F91-9221-4C08-988A-AEA3E3DBF263}"
EndProject
Project("{9A19103F-16F7-4668-BE54-9A1E7A4F7556}") = "DDDWebAPI.Infrastruture.CrossCutting.Adapter", "DDDWebAPI.Infrastruture.CrossCutting.Adapter\DDDWebAPI.Infrastruture.CrossCutting.Adapter.csproj", "{6336A45A-BDDB-4EEC-8AB1-F872565FCF27}"
EndProject
Project("{9A19103F-16F7-4668-BE54-9A1E7A4F7556}") = "DDDWebAPI.Infrastruture.CrossCutting.IOC", "DDDWebAPI.Infrastruture.CrossCutting.IOC\DDDWebAPI.Infrastruture.CrossCutting.IOC.csproj", "{0625C019-40DB-4A74-95AC-20B3A5E1E49E}"
EndProject
Project("{FAE04EC0-301F-11D3-BF4B-00C04F79EFBC}") = "WebApiDDD.Presentation", "WebApiDDD.Presentation\WebApiDDD.Presentation.csproj", "{3817D121-F192-4B90-84C2-C4A0BC56875C}"
EndProject
Global
	GlobalSection(SolutionConfigurationPlatforms) = preSolution
		Debug|Any CPU = Debug|Any CPU
		Release|Any CPU = Release|Any CPU
	EndGlobalSection
	GlobalSection(ProjectConfigurationPlatforms) = postSolution
		{85A83BCD-C048-4A95-9A5E-7F0392237607}.Debug|Any CPU.ActiveCfg = Debug|Any CPU
		{85A83BCD-C048-4A95-9A5E-7F0392237607}.Debug|Any CPU.Build.0 = Debug|Any CPU
		{85A83BCD-C048-4A95-9A5E-7F0392237607}.Release|Any CPU.ActiveCfg = Release|Any CPU
		{85A83BCD-C048-4A95-9A5E-7F0392237607}.Release|Any CPU.Build.0 = Release|Any CPU
		{E4F3AD40-E70E-4380-8BE8-15D6D9BB68E2}.Debug|Any CPU.ActiveCfg = Debug|Any CPU
		{E4F3AD40-E70E-4380-8BE8-15D6D9BB68E2}.Debug|Any CPU.Build.0 = Debug|Any CPU
		{E4F3AD40-E70E-4380-8BE8-15D6D9BB68E2}.Release|Any CPU.ActiveCfg = Release|Any CPU
		{E4F3AD40-E70E-4380-8BE8-15D6D9BB68E2}.Release|Any CPU.Build.0 = Release|Any CPU
		{FC08E37B-2EF3-45B0-B2F3-25DC191C427E}.Debug|Any CPU.ActiveCfg = Debug|Any CPU
		{FC08E37B-2EF3-45B0-B2F3-25DC191C427E}.Debug|Any CPU.Build.0 = Debug|Any CPU
		{FC08E37B-2EF3-45B0-B2F3-25DC191C427E}.Release|Any CPU.ActiveCfg = Release|Any CPU
		{FC08E37B-2EF3-45B0-B2F3-25DC191C427E}.Release|Any CPU.Build.0 = Release|Any CPU
		{C33E83F7-31D6-480A-AC73-5FA7E24086D1}.Debug|Any CPU.ActiveCfg = Debug|Any CPU
		{C33E83F7-31D6-480A-AC73-5FA7E24086D1}.Debug|Any CPU.Build.0 = Debug|Any CPU
		{C33E83F7-31D6-480A-AC73-5FA7E24086D1}.Release|Any CPU.ActiveCfg = Release|Any CPU
		{C33E83F7-31D6-480A-AC73-5FA7E24086D1}.Release|Any CPU.Build.0 = Release|Any CPU
		{84FD46A2-43ED-485F-ABE9-4E754BB47124}.Debug|Any CPU.ActiveCfg = Debug|Any CPU
		{84FD46A2-43ED-485F-ABE9-4E754BB47124}.Debug|Any CPU.Build.0 = Debug|Any CPU
		{84FD46A2-43ED-485F-ABE9-4E754BB47124}.Release|Any CPU.ActiveCfg = Release|Any CPU
		{84FD46A2-43ED-485F-ABE9-4E754BB47124}.Release|Any CPU.Build.0 = Release|Any CPU
		{C69A9D29-1EBC-4F80-993E-46E57D8CD0A2}.Debug|Any CPU.ActiveCfg = Debug|Any CPU
		{C69A9D29-1EBC-4F80-993E-46E57D8CD0A2}.Debug|Any CPU.Build.0 = Debug|Any CPU
		{C69A9D29-1EBC-4F80-993E-46E57D8CD0A2}.Release|Any CPU.ActiveCfg = Release|Any CPU
		{C69A9D29-1EBC-4F80-993E-46E57D8CD0A2}.Release|Any CPU.Build.0 = Release|Any CPU
		{212DDB17-BE8E-4AB2-AB28-48D7D7196D01}.Debug|Any CPU.ActiveCfg = Debug|Any CPU
		{212DDB17-BE8E-4AB2-AB28-48D7D7196D01}.Debug|Any CPU.Build.0 = Debug|Any CPU
		{212DDB17-BE8E-4AB2-AB28-48D7D7196D01}.Release|Any CPU.ActiveCfg = Release|Any CPU
		{212DDB17-BE8E-4AB2-AB28-48D7D7196D01}.Release|Any CPU.Build.0 = Release|Any CPU
		{6336A45A-BDDB-4EEC-8AB1-F872565FCF27}.Debug|Any CPU.ActiveCfg = Debug|Any CPU
		{6336A45A-BDDB-4EEC-8AB1-F872565FCF27}.Debug|Any CPU.Build.0 = Debug|Any CPU
		{6336A45A-BDDB-4EEC-8AB1-F872565FCF27}.Release|Any CPU.ActiveCfg = Release|Any CPU
		{6336A45A-BDDB-4EEC-8AB1-F872565FCF27}.Release|Any CPU.Build.0 = Release|Any CPU
		{0625C019-40DB-4A74-95AC-20B3A5E1E49E}.Debug|Any CPU.ActiveCfg = Debug|Any CPU
		{0625C019-40DB-4A74-95AC-20B3A5E1E49E}.Debug|Any CPU.Build.0 = Debug|Any CPU
		{0625C019-40DB-4A74-95AC-20B3A5E1E49E}.Release|Any CPU.ActiveCfg = Release|Any CPU
		{0625C019-40DB-4A74-95AC-20B3A5E1E49E}.Release|Any CPU.Build.0 = Release|Any CPU
		{3817D121-F192-4B90-84C2-C4A0BC56875C}.Debug|Any CPU.ActiveCfg = Debug|Any CPU
		{3817D121-F192-4B90-84C2-C4A0BC56875C}.Debug|Any CPU.Build.0 = Debug|Any CPU
		{3817D121-F192-4B90-84C2-C4A0BC56875C}.Release|Any CPU.ActiveCfg = Release|Any CPU
		{3817D121-F192-4B90-84C2-C4A0BC56875C}.Release|Any CPU.Build.0 = Release|Any CPU
	EndGlobalSection
	GlobalSection(SolutionProperties) = preSolution
		HideSolutionNode = FALSE
	EndGlobalSection
	GlobalSection(NestedProjects) = preSolution
		{85A83BCD-C048-4A95-9A5E-7F0392237607} = {D5C5F7D3-3D8E-471F-8100-8DCF9B39D45A}
		{E4F3AD40-E70E-4380-8BE8-15D6D9BB68E2} = {D5C5F7D3-3D8E-471F-8100-8DCF9B39D45A}
		{FC08E37B-2EF3-45B0-B2F3-25DC191C427E} = {D5C5F7D3-3D8E-471F-8100-8DCF9B39D45A}
		{C33E83F7-31D6-480A-AC73-5FA7E24086D1} = {D45562DD-4CC4-42DF-B001-07A9B2EF7CED}
		{84FD46A2-43ED-485F-ABE9-4E754BB47124} = {D45562DD-4CC4-42DF-B001-07A9B2EF7CED}
		{DD4B1FA9-35D3-4FEB-8AE9-91CD480E1754} = {522365ED-91EA-45DD-89E5-00CC2629DDE0}
		{C69A9D29-1EBC-4F80-993E-46E57D8CD0A2} = {DD4B1FA9-35D3-4FEB-8AE9-91CD480E1754}
		{212DDB17-BE8E-4AB2-AB28-48D7D7196D01} = {DD4B1FA9-35D3-4FEB-8AE9-91CD480E1754}
		{8DCF3F91-9221-4C08-988A-AEA3E3DBF263} = {522365ED-91EA-45DD-89E5-00CC2629DDE0}
		{6336A45A-BDDB-4EEC-8AB1-F872565FCF27} = {8DCF3F91-9221-4C08-988A-AEA3E3DBF263}
		{0625C019-40DB-4A74-95AC-20B3A5E1E49E} = {8DCF3F91-9221-4C08-988A-AEA3E3DBF263}
		{3817D121-F192-4B90-84C2-C4A0BC56875C} = {160A9731-8AA5-41F3-A753-C2B032DFF352}
	EndGlobalSection
	GlobalSection(ExtensibilityGlobals) = postSolution
		SolutionGuid = {1C72BE41-CF4C-4474-BE00-33B35BC786CC}
	EndGlobalSection
EndGlobal
